
Microsoft Visual Studio Solution File, Format Version 12.00
# Visual Studio 2012
Project("{FAE04EC0-301F-11D3-BF4B-00C04F79EFBC}") = "CodeContracts", "CodeContracts\CodeContracts.csproj", "{3B9968A0-DB88-4ED7-8926-995F339666D1}"
EndProject
Project("{FAE04EC0-301F-11D3-BF4B-00C04F79EFBC}") = "CodeContracts.UnitTest", "CodeContracts.UnitTest\CodeContracts.UnitTest.csproj", "{5C2A088B-5CA5-4E76-878E-E6560E8B5B00}"
EndProject
Global
	GlobalSection(SolutionConfigurationPlatforms) = preSolution
		Debug|Any CPU = Debug|Any CPU
		Release|Any CPU = Release|Any CPU
	EndGlobalSection
	GlobalSection(ProjectConfigurationPlatforms) = postSolution
		{3B9968A0-DB88-4ED7-8926-995F339666D1}.Debug|Any CPU.ActiveCfg = Debug|Any CPU
		{3B9968A0-DB88-4ED7-8926-995F339666D1}.Debug|Any CPU.Build.0 = Debug|Any CPU
		{3B9968A0-DB88-4ED7-8926-995F339666D1}.Release|Any CPU.ActiveCfg = Release|Any CPU
		{3B9968A0-DB88-4ED7-8926-995F339666D1}.Release|Any CPU.Build.0 = Release|Any CPU
		{5C2A088B-5CA5-4E76-878E-E6560E8B5B00}.Debug|Any CPU.ActiveCfg = Debug|Any CPU
		{5C2A088B-5CA5-4E76-878E-E6560E8B5B00}.Debug|Any CPU.Build.0 = Debug|Any CPU
		{5C2A088B-5CA5-4E76-878E-E6560E8B5B00}.Release|Any CPU.ActiveCfg = Release|Any CPU
		{5C2A088B-5CA5-4E76-878E-E6560E8B5B00}.Release|Any CPU.Build.0 = Release|Any CPU
	EndGlobalSection
	GlobalSection(SolutionProperties) = preSolution
		HideSolutionNode = FALSE
	EndGlobalSection
EndGlobal
